{
  "name": "@cowtech/now-node-server",
  "version": "0.1.8",
  "lockfileVersion": 1,
  "requires": true,
  "dependencies": {
    "@now/node-bridge": {
      "version": "0.1.5",
      "resolved": "https://registry.npmjs.org/@now/node-bridge/-/node-bridge-0.1.5.tgz",
      "integrity": "sha512-e4eUqx4TvnEHcVazTBGp3sm58OuYDFIiiTtfEfYShla6DJDN4af/yQKhK9avL4L96NWUSf+OAw4i37bdzI/usw=="
    }
  }
}
